# This file is automatically @generated by Cargo.
# It is not intended for manual editing.
version = 4

[[package]]
name = "flux-bank"
version = "0.1.0"
dependencies = [
 "flux-money-kit",
]

[[package]]
name = "flux-bridge"
version = "0.1.0"
dependencies = [
 "flux-money-kit",
]

[[package]]
name = "flux-estate"
version = "0.1.0"
dependencies = [
 "flux-money-kit",
]

[[package]]
name = "flux-gateway"
version = "0.1.0"
dependencies = [
 "flux-money-kit",
]

[[package]]
name = "flux-launchpad"
version = "0.1.0"
dependencies = [
 "flux-money-kit",
]

[[package]]
name = "flux-money-flow"
version = "0.1.0"
dependencies = [
 "flux-money-kit",
]

[[package]]
name = "flux-money-kit"
version = "0.1.0"
